
Microsoft Visual Studio Solution File, Format Version 12.00
# Visual Studio Version 17
VisualStudioVersion = 17.0.31903.59
MinimumVisualStudioVersion = 10.0.40219.1
Project("{9A19103F-16F7-4668-BE54-9A1E7A4F7556}") = "WebApi", "WebApi\WebApi.csproj", "{CF0B605F-15D1-4373-BC99-33F1F0487319}"
EndProject
Project("{FAE04EC0-301F-11D3-BF4B-00C04F79EFBC}") = "Entities", "Entities\Entities.csproj", "{A6A56EFE-75F6-4375-9332-DC71E0C0B6E0}"
EndProject
Project("{FAE04EC0-301F-11D3-BF4B-00C04F79EFBC}") = "Repositories", "Repositories\Repositories.csproj", "{8B68E486-6B17-45F2-AB99-17DAE5B43D1E}"
EndProject
Project("{FAE04EC0-301F-11D3-BF4B-00C04F79EFBC}") = "Services", "Services\Services.csproj", "{CC48A9DF-57ED-4DB2-BCDF-C3A15D8D4050}"
EndProject
Project("{FAE04EC0-301F-11D3-BF4B-00C04F79EFBC}") = "Presentation", "Presentation\Presentation.csproj", "{E824EE75-52F0-4E76-A8A5-55ABFDDC8A5A}"
EndProject
Global
	GlobalSection(SolutionConfigurationPlatforms) = preSolution
		Debug|Any CPU = Debug|Any CPU
		Release|Any CPU = Release|Any CPU
	EndGlobalSection
	GlobalSection(ProjectConfigurationPlatforms) = postSolution
		{CF0B605F-15D1-4373-BC99-33F1F0487319}.Debug|Any CPU.ActiveCfg = Debug|Any CPU
		{CF0B605F-15D1-4373-BC99-33F1F0487319}.Debug|Any CPU.Build.0 = Debug|Any CPU
		{CF0B605F-15D1-4373-BC99-33F1F0487319}.Release|Any CPU.ActiveCfg = Release|Any CPU
		{CF0B605F-15D1-4373-BC99-33F1F0487319}.Release|Any CPU.Build.0 = Release|Any CPU
		{A6A56EFE-75F6-4375-9332-DC71E0C0B6E0}.Debug|Any CPU.ActiveCfg = Debug|Any CPU
		{A6A56EFE-75F6-4375-9332-DC71E0C0B6E0}.Debug|Any CPU.Build.0 = Debug|Any CPU
		{A6A56EFE-75F6-4375-9332-DC71E0C0B6E0}.Release|Any CPU.ActiveCfg = Release|Any CPU
		{A6A56EFE-75F6-4375-9332-DC71E0C0B6E0}.Release|Any CPU.Build.0 = Release|Any CPU
		{8B68E486-6B17-45F2-AB99-17DAE5B43D1E}.Debug|Any CPU.ActiveCfg = Debug|Any CPU
		{8B68E486-6B17-45F2-AB99-17DAE5B43D1E}.Debug|Any CPU.Build.0 = Debug|Any CPU
		{8B68E486-6B17-45F2-AB99-17DAE5B43D1E}.Release|Any CPU.ActiveCfg = Release|Any CPU
		{8B68E486-6B17-45F2-AB99-17DAE5B43D1E}.Release|Any CPU.Build.0 = Release|Any CPU
		{CC48A9DF-57ED-4DB2-BCDF-C3A15D8D4050}.Debug|Any CPU.ActiveCfg = Debug|Any CPU
		{CC48A9DF-57ED-4DB2-BCDF-C3A15D8D4050}.Debug|Any CPU.Build.0 = Debug|Any CPU
		{CC48A9DF-57ED-4DB2-BCDF-C3A15D8D4050}.Release|Any CPU.ActiveCfg = Release|Any CPU
		{CC48A9DF-57ED-4DB2-BCDF-C3A15D8D4050}.Release|Any CPU.Build.0 = Release|Any CPU
		{E824EE75-52F0-4E76-A8A5-55ABFDDC8A5A}.Debug|Any CPU.ActiveCfg = Debug|Any CPU
		{E824EE75-52F0-4E76-A8A5-55ABFDDC8A5A}.Debug|Any CPU.Build.0 = Debug|Any CPU
		{E824EE75-52F0-4E76-A8A5-55ABFDDC8A5A}.Release|Any CPU.ActiveCfg = Release|Any CPU
		{E824EE75-52F0-4E76-A8A5-55ABFDDC8A5A}.Release|Any CPU.Build.0 = Release|Any CPU
	EndGlobalSection
	GlobalSection(SolutionProperties) = preSolution
		HideSolutionNode = FALSE
	EndGlobalSection
	GlobalSection(ExtensibilityGlobals) = postSolution
		SolutionGuid = {EA479BDA-32CF-44CA-AE78-FEF6D9775588}
	EndGlobalSection
EndGlobal
